
Microsoft Visual Studio Solution File, Format Version 12.00
# Visual Studio 15
VisualStudioVersion = 15.0.28307.1145
MinimumVisualStudioVersion = 10.0.40219.1
Project("{FAE04EC0-301F-11D3-BF4B-00C04F79EFBC}") = "Demo.Data", "Demo.Data\Demo.Data.csproj", "{F6B1F9BA-0E21-4AD1-A0CB-B3F112D631CF}"
EndProject
Project("{FAE04EC0-301F-11D3-BF4B-00C04F79EFBC}") = "Demo.Web", "Demo.Web\Demo.Web.csproj", "{C90809F3-07C8-4618-AAE8-EE602E1FD09A}"
EndProject
Project("{FAE04EC0-301F-11D3-BF4B-00C04F79EFBC}") = "Demo.Entities", "Demo.Entities\Demo.Entities.csproj", "{FDF541F9-E5D1-49FD-936F-8606B44F03F8}"
EndProject
Global
	GlobalSection(SolutionConfigurationPlatforms) = preSolution
		Debug|Any CPU = Debug|Any CPU
		Release|Any CPU = Release|Any CPU
	EndGlobalSection
	GlobalSection(ProjectConfigurationPlatforms) = postSolution
		{F6B1F9BA-0E21-4AD1-A0CB-B3F112D631CF}.Debug|Any CPU.ActiveCfg = Debug|Any CPU
		{F6B1F9BA-0E21-4AD1-A0CB-B3F112D631CF}.Debug|Any CPU.Build.0 = Debug|Any CPU
		{F6B1F9BA-0E21-4AD1-A0CB-B3F112D631CF}.Release|Any CPU.ActiveCfg = Release|Any CPU
		{F6B1F9BA-0E21-4AD1-A0CB-B3F112D631CF}.Release|Any CPU.Build.0 = Release|Any CPU
		{C90809F3-07C8-4618-AAE8-EE602E1FD09A}.Debug|Any CPU.ActiveCfg = Debug|Any CPU
		{C90809F3-07C8-4618-AAE8-EE602E1FD09A}.Debug|Any CPU.Build.0 = Debug|Any CPU
		{C90809F3-07C8-4618-AAE8-EE602E1FD09A}.Release|Any CPU.ActiveCfg = Release|Any CPU
		{C90809F3-07C8-4618-AAE8-EE602E1FD09A}.Release|Any CPU.Build.0 = Release|Any CPU
		{FDF541F9-E5D1-49FD-936F-8606B44F03F8}.Debug|Any CPU.ActiveCfg = Debug|Any CPU
		{FDF541F9-E5D1-49FD-936F-8606B44F03F8}.Debug|Any CPU.Build.0 = Debug|Any CPU
		{FDF541F9-E5D1-49FD-936F-8606B44F03F8}.Release|Any CPU.ActiveCfg = Release|Any CPU
		{FDF541F9-E5D1-49FD-936F-8606B44F03F8}.Release|Any CPU.Build.0 = Release|Any CPU
	EndGlobalSection
	GlobalSection(SolutionProperties) = preSolution
		HideSolutionNode = FALSE
	EndGlobalSection
	GlobalSection(ExtensibilityGlobals) = postSolution
		SolutionGuid = {D7A6E385-6A1F-4377-B0D9-B6431353C5F0}
	EndGlobalSection
EndGlobal
